
Microsoft Visual Studio Solution File, Format Version 12.00
# Visual Studio 2013
VisualStudioVersion = 12.0.31101.0
MinimumVisualStudioVersion = 10.0.40219.1
Project("{FAE04EC0-301F-11D3-BF4B-00C04F79EFBC}") = "MyTend", "MyTend\MyTend.csproj", "{A783DC24-4DE5-4D98-9E39-7AF2AC8EB391}"
EndProject
Project("{FAE04EC0-301F-11D3-BF4B-00C04F79EFBC}") = "MyTend.Scheduler", "MyTend.Scheduler\MyTend.Scheduler.csproj", "{7AE81A86-DC61-4140-8EF1-926BFB31E89D}"
EndProject
Project("{FAE04EC0-301F-11D3-BF4B-00C04F79EFBC}") = "MyTend.Data", "MyTend.Data\MyTend.Data.csproj", "{DFE574FD-1293-47D0-87A8-DAD8EBB4FF4C}"
EndProject
Project("{FAE04EC0-301F-11D3-BF4B-00C04F79EFBC}") = "MyTend.Services", "MyTend.Services\MyTend.Services.csproj", "{D323833E-2511-45FD-B4C4-51502484AE8F}"
EndProject
Project("{FAE04EC0-301F-11D3-BF4B-00C04F79EFBC}") = "MyTend.Entites", "MyTend.Entites\MyTend.Entites.csproj", "{25B60DEA-95E0-4A29-B163-09C01D076E40}"
EndProject
Project("{2150E333-8FDC-42A3-9474-1A3956D46DE8}") = "Data", "Data", "{FE30D1FD-AE4A-4F23-B95B-6DDC2182BDD7}"
EndProject
Project("{2150E333-8FDC-42A3-9474-1A3956D46DE8}") = "Domain", "Domain", "{9536D240-DA17-46EB-99C3-61DB7189371E}"
EndProject
Project("{2150E333-8FDC-42A3-9474-1A3956D46DE8}") = "Core", "Core", "{88E7F595-46D8-4C41-9A72-C5E0D6163C6B}"
EndProject
Global
	GlobalSection(SolutionConfigurationPlatforms) = preSolution
		Debug|Any CPU = Debug|Any CPU
		Release|Any CPU = Release|Any CPU
	EndGlobalSection
	GlobalSection(ProjectConfigurationPlatforms) = postSolution
		{A783DC24-4DE5-4D98-9E39-7AF2AC8EB391}.Debug|Any CPU.ActiveCfg = Debug|Any CPU
		{A783DC24-4DE5-4D98-9E39-7AF2AC8EB391}.Debug|Any CPU.Build.0 = Debug|Any CPU
		{A783DC24-4DE5-4D98-9E39-7AF2AC8EB391}.Release|Any CPU.ActiveCfg = Release|Any CPU
		{A783DC24-4DE5-4D98-9E39-7AF2AC8EB391}.Release|Any CPU.Build.0 = Release|Any CPU
		{7AE81A86-DC61-4140-8EF1-926BFB31E89D}.Debug|Any CPU.ActiveCfg = Debug|Any CPU
		{7AE81A86-DC61-4140-8EF1-926BFB31E89D}.Debug|Any CPU.Build.0 = Debug|Any CPU
		{7AE81A86-DC61-4140-8EF1-926BFB31E89D}.Release|Any CPU.ActiveCfg = Release|Any CPU
		{7AE81A86-DC61-4140-8EF1-926BFB31E89D}.Release|Any CPU.Build.0 = Release|Any CPU
		{DFE574FD-1293-47D0-87A8-DAD8EBB4FF4C}.Debug|Any CPU.ActiveCfg = Debug|Any CPU
		{DFE574FD-1293-47D0-87A8-DAD8EBB4FF4C}.Debug|Any CPU.Build.0 = Debug|Any CPU
		{DFE574FD-1293-47D0-87A8-DAD8EBB4FF4C}.Release|Any CPU.ActiveCfg = Release|Any CPU
		{DFE574FD-1293-47D0-87A8-DAD8EBB4FF4C}.Release|Any CPU.Build.0 = Release|Any CPU
		{D323833E-2511-45FD-B4C4-51502484AE8F}.Debug|Any CPU.ActiveCfg = Debug|Any CPU
		{D323833E-2511-45FD-B4C4-51502484AE8F}.Debug|Any CPU.Build.0 = Debug|Any CPU
		{D323833E-2511-45FD-B4C4-51502484AE8F}.Release|Any CPU.ActiveCfg = Release|Any CPU
		{D323833E-2511-45FD-B4C4-51502484AE8F}.Release|Any CPU.Build.0 = Release|Any CPU
		{25B60DEA-95E0-4A29-B163-09C01D076E40}.Debug|Any CPU.ActiveCfg = Debug|Any CPU
		{25B60DEA-95E0-4A29-B163-09C01D076E40}.Debug|Any CPU.Build.0 = Debug|Any CPU
		{25B60DEA-95E0-4A29-B163-09C01D076E40}.Release|Any CPU.ActiveCfg = Release|Any CPU
		{25B60DEA-95E0-4A29-B163-09C01D076E40}.Release|Any CPU.Build.0 = Release|Any CPU
	EndGlobalSection
	GlobalSection(SolutionProperties) = preSolution
		HideSolutionNode = FALSE
	EndGlobalSection
	GlobalSection(NestedProjects) = preSolution
		{7AE81A86-DC61-4140-8EF1-926BFB31E89D} = {9536D240-DA17-46EB-99C3-61DB7189371E}
		{DFE574FD-1293-47D0-87A8-DAD8EBB4FF4C} = {FE30D1FD-AE4A-4F23-B95B-6DDC2182BDD7}
		{D323833E-2511-45FD-B4C4-51502484AE8F} = {9536D240-DA17-46EB-99C3-61DB7189371E}
		{25B60DEA-95E0-4A29-B163-09C01D076E40} = {FE30D1FD-AE4A-4F23-B95B-6DDC2182BDD7}
	EndGlobalSection
EndGlobal
